// !$*UTF8*$!
{
	archiveVersion = 1;
	classes = {
	};
	objectVersion = 50;
	objects = {

/* Begin PBXBuildFile section */
		6E2EC5D721BEE1C100181E47 /* AppDelegate.swift in Sources */ = {isa = PBXBuildFile; fileRef = 6E2EC5D621BEE1C100181E47 /* AppDelegate.swift */; };
		6E2EC5D921BEE1C100181E47 /* CoursesViewController.swift in Sources */ = {isa = PBXBuildFile; fileRef = 6E2EC5D821BEE1C100181E47 /* CoursesViewController.swift */; };
		6E2EC5DC21BEE1C100181E47 /* Main.storyboard in Resources */ = {isa = PBXBuildFile; fileRef = 6E2EC5DA21BEE1C100181E47 /* Main.storyboard */; };
		6E2EC5DF21BEE1C100181E47 /* Extended_Final_Grade_Calculator.xcdatamodeld in Sources */ = {isa = PBXBuildFile; fileRef = 6E2EC5DD21BEE1C100181E47 /* Extended_Final_Grade_Calculator.xcdatamodeld */; };
		6E2EC5E121BEE1C200181E47 /* Assets.xcassets in Resources */ = {isa = PBXBuildFile; fileRef = 6E2EC5E021BEE1C200181E47 /* Assets.xcassets */; };
		6E2EC5E421BEE1C200181E47 /* LaunchScreen.storyboard in Resources */ = {isa = PBXBuildFile; fileRef = 6E2EC5E221BEE1C200181E47 /* LaunchScreen.storyboard */; };
		6E2EC5EC21BEE34A00181E47 /* AddCourseViewController.swift in Sources */ = {isa = PBXBuildFile; fileRef = 6E2EC5EB21BEE34A00181E47 /* AddCourseViewController.swift */; };
		6E2EC5EF21C18F0F00181E47 /* ClassInfoTableViewCell.swift in Sources */ = {isa = PBXBuildFile; fileRef = 6E2EC5ED21C18F0F00181E47 /* ClassInfoTableViewCell.swift */; };
		6E2EC5F021C18F0F00181E47 /* ClassInfoTableViewCell.xib in Resources */ = {isa = PBXBuildFile; fileRef = 6E2EC5EE21C18F0F00181E47 /* ClassInfoTableViewCell.xib */; };
		6E2EC5F321C191B900181E47 /* GradeInfoTableViewCell.swift in Sources */ = {isa = PBXBuildFile; fileRef = 6E2EC5F121C191B900181E47 /* GradeInfoTableViewCell.swift */; };
		6E2EC5F421C191B900181E47 /* GradeInfoTableViewCell.xib in Resources */ = {isa = PBXBuildFile; fileRef = 6E2EC5F221C191B900181E47 /* GradeInfoTableViewCell.xib */; };
		6E875FF321C59F40008B6F54 /* FinalInfoTableViewCell.swift in Sources */ = {isa = PBXBuildFile; fileRef = 6E875FF121C59F40008B6F54 /* FinalInfoTableViewCell.swift */; };
		6E875FF421C59F40008B6F54 /* FinalInfoTableViewCell.xib in Resources */ = {isa = PBXBuildFile; fileRef = 6E875FF221C59F40008B6F54 /* FinalInfoTableViewCell.xib */; };
		6E875FFF21C9B20B008B6F54 /* SemesterFinal+CoreDataClass.swift in Sources */ = {isa = PBXBuildFile; fileRef = 6E875FFD21C9B20B008B6F54 /* SemesterFinal+CoreDataClass.swift */; };
		6E87600021C9B20B008B6F54 /* SemesterFinal+CoreDataProperties.swift in Sources */ = {isa = PBXBuildFile; fileRef = 6E875FFE21C9B20B008B6F54 /* SemesterFinal+CoreDataProperties.swift */; };
		6E87600821C9DBE0008B6F54 /* NotificationCenter.framework in Frameworks */ = {isa = PBXBuildFile; fileRef = 6E87600721C9DBE0008B6F54 /* NotificationCenter.framework */; };
		6E87600B21C9DBE0008B6F54 /* TodayViewController.swift in Sources */ = {isa = PBXBuildFile; fileRef = 6E87600A21C9DBE0008B6F54 /* TodayViewController.swift */; };
		6E87600E21C9DBE0008B6F54 /* MainInterface.storyboard in Resources */ = {isa = PBXBuildFile; fileRef = 6E87600C21C9DBE0008B6F54 /* MainInterface.storyboard */; };
		6E87601221C9DBE0008B6F54 /* Extended Final Grade Calculator Widget.appex in Embed App Extensions */ = {isa = PBXBuildFile; fileRef = 6E87600521C9DBE0008B6F54 /* Extended Final Grade Calculator Widget.appex */; settings = {ATTRIBUTES = (RemoveHeadersOnCopy, ); }; };
		6E87601921C9DE00008B6F54 /* WidgetTableViewCell.swift in Sources */ = {isa = PBXBuildFile; fileRef = 6E87601721C9DE00008B6F54 /* WidgetTableViewCell.swift */; };
		6E87601A21C9DE00008B6F54 /* WidgetTableViewCell.xib in Resources */ = {isa = PBXBuildFile; fileRef = 6E87601821C9DE00008B6F54 /* WidgetTableViewCell.xib */; };
		6E87601B21C9E76E008B6F54 /* Extended_Final_Grade_Calculator.xcdatamodeld in Sources */ = {isa = PBXBuildFile; fileRef = 6E2EC5DD21BEE1C100181E47 /* Extended_Final_Grade_Calculator.xcdatamodeld */; };
		6E87601C21C9E780008B6F54 /* SemesterFinal+CoreDataClass.swift in Sources */ = {isa = PBXBuildFile; fileRef = 6E875FFD21C9B20B008B6F54 /* SemesterFinal+CoreDataClass.swift */; };
		6E87601D21C9E783008B6F54 /* SemesterFinal+CoreDataProperties.swift in Sources */ = {isa = PBXBuildFile; fileRef = 6E875FFE21C9B20B008B6F54 /* SemesterFinal+CoreDataProperties.swift */; };
		6EBE786521CA7E1B0028C301 /* deleteFinalTableViewCell.swift in Sources */ = {isa = PBXBuildFile; fileRef = 6EBE786321CA7E1B0028C301 /* deleteFinalTableViewCell.swift */; };
		6EBE786621CA7E1B0028C301 /* deleteFinalTableViewCell.xib in Resources */ = {isa = PBXBuildFile; fileRef = 6EBE786421CA7E1B0028C301 /* deleteFinalTableViewCell.xib */; };
		6EECE30821C5A6A700919565 /* Constants.swift in Sources */ = {isa = PBXBuildFile; fileRef = 6EECE30721C5A6A700919565 /* Constants.swift */; };
/* End PBXBuildFile section */

/* Begin PBXContainerItemProxy section */
		6E87601021C9DBE0008B6F54 /* PBXContainerItemProxy */ = {
			isa = PBXContainerItemProxy;
			containerPortal = 6E2EC5CB21BEE1C100181E47 /* Project object */;
			proxyType = 1;
			remoteGlobalIDString = 6E87600421C9DBE0008B6F54;
			remoteInfo = "Extended Final Grade Calculator Widget";
		};
/* End PBXContainerItemProxy section */

/* Begin PBXCopyFilesBuildPhase section */
		6E87601621C9DBE0008B6F54 /* Embed App Extensions */ = {
			isa = PBXCopyFilesBuildPhase;
			buildActionMask = 2147483647;
			dstPath = "";
			dstSubfolderSpec = 13;
			files = (
				6E87601221C9DBE0008B6F54 /* Extended Final Grade Calculator Widget.appex in Embed App Extensions */,
			);
			name = "Embed App Extensions";
			runOnlyForDeploymentPostprocessing = 0;
		};
/* End PBXCopyFilesBuildPhase section */

/* Begin PBXFileReference section */
		6E2EC5D321BEE1C100181E47 /* Extended Final Grade Calculator.app */ = {isa = PBXFileReference; explicitFileType = wrapper.application; includeInIndex = 0; path = "Extended Final Grade Calculator.app"; sourceTree = BUILT_PRODUCTS_DIR; };
		6E2EC5D621BEE1C100181E47 /* AppDelegate.swift */ = {isa = PBXFileReference; lastKnownFileType = sourcecode.swift; path = AppDelegate.swift; sourceTree = "<group>"; };
		6E2EC5D821BEE1C100181E47 /* CoursesViewController.swift */ = {isa = PBXFileReference; lastKnownFileType = sourcecode.swift; path = CoursesViewController.swift; sourceTree = "<group>"; };
		6E2EC5DB21BEE1C100181E47 /* Base */ = {isa = PBXFileReference; lastKnownFileType = file.storyboard; name = Base; path = Base.lproj/Main.storyboard; sourceTree = "<group>"; };
		6E2EC5DE21BEE1C100181E47 /* Extended_Final_Grade_Calculator.xcdatamodel */ = {isa = PBXFileReference; lastKnownFileType = wrapper.xcdatamodel; path = Extended_Final_Grade_Calculator.xcdatamodel; sourceTree = "<group>"; };
		6E2EC5E021BEE1C200181E47 /* Assets.xcassets */ = {isa = PBXFileReference; lastKnownFileType = folder.assetcatalog; path = Assets.xcassets; sourceTree = "<group>"; };
		6E2EC5E321BEE1C200181E47 /* Base */ = {isa = PBXFileReference; lastKnownFileType = file.storyboard; name = Base; path = Base.lproj/LaunchScreen.storyboard; sourceTree = "<group>"; };
		6E2EC5E521BEE1C200181E47 /* Info.plist */ = {isa = PBXFileReference; lastKnownFileType = text.plist.xml; path = Info.plist; sourceTree = "<group>"; };
		6E2EC5EB21BEE34A00181E47 /* AddCourseViewController.swift */ = {isa = PBXFileReference; lastKnownFileType = sourcecode.swift; path = AddCourseViewController.swift; sourceTree = "<group>"; };
		6E2EC5ED21C18F0F00181E47 /* ClassInfoTableViewCell.swift */ = {isa = PBXFileReference; lastKnownFileType = sourcecode.swift; path = ClassInfoTableViewCell.swift; sourceTree = "<group>"; };
		6E2EC5EE21C18F0F00181E47 /* ClassInfoTableViewCell.xib */ = {isa = PBXFileReference; lastKnownFileType = file.xib; path = ClassInfoTableViewCell.xib; sourceTree = "<group>"; };
		6E2EC5F121C191B900181E47 /* GradeInfoTableViewCell.swift */ = {isa = PBXFileReference; lastKnownFileType = sourcecode.swift; path = GradeInfoTableViewCell.swift; sourceTree = "<group>"; };
		6E2EC5F221C191B900181E47 /* GradeInfoTableViewCell.xib */ = {isa = PBXFileReference; lastKnownFileType = file.xib; path = GradeInfoTableViewCell.xib; sourceTree = "<group>"; };
		6E7C167721C9F0A30072E095 /* Extended Final Grade Calculator Widget.entitlements */ = {isa = PBXFileReference; lastKnownFileType = text.plist.entitlements; path = "Extended Final Grade Calculator Widget.entitlements"; sourceTree = "<group>"; };
		6E875FF121C59F40008B6F54 /* FinalInfoTableViewCell.swift */ = {isa = PBXFileReference; lastKnownFileType = sourcecode.swift; path = FinalInfoTableViewCell.swift; sourceTree = "<group>"; };
		6E875FF221C59F40008B6F54 /* FinalInfoTableViewCell.xib */ = {isa = PBXFileReference; lastKnownFileType = file.xib; path = FinalInfoTableViewCell.xib; sourceTree = "<group>"; };
		6E875FFD21C9B20B008B6F54 /* SemesterFinal+CoreDataClass.swift */ = {isa = PBXFileReference; lastKnownFileType = sourcecode.swift; path = "SemesterFinal+CoreDataClass.swift"; sourceTree = "<group>"; };
		6E875FFE21C9B20B008B6F54 /* SemesterFinal+CoreDataProperties.swift */ = {isa = PBXFileReference; lastKnownFileType = sourcecode.swift; path = "SemesterFinal+CoreDataProperties.swift"; sourceTree = "<group>"; };
		6E87600521C9DBE0008B6F54 /* Extended Final Grade Calculator Widget.appex */ = {isa = PBXFileReference; explicitFileType = "wrapper.app-extension"; includeInIndex = 0; path = "Extended Final Grade Calculator Widget.appex"; sourceTree = BUILT_PRODUCTS_DIR; };
		6E87600721C9DBE0008B6F54 /* NotificationCenter.framework */ = {isa = PBXFileReference; lastKnownFileType = wrapper.framework; name = NotificationCenter.framework; path = System/Library/Frameworks/NotificationCenter.framework; sourceTree = SDKROOT; };
		6E87600A21C9DBE0008B6F54 /* TodayViewController.swift */ = {isa = PBXFileReference; lastKnownFileType = sourcecode.swift; path = TodayViewController.swift; sourceTree = "<group>"; };
		6E87600D21C9DBE0008B6F54 /* Base */ = {isa = PBXFileReference; lastKnownFileType = file.storyboard; name = Base; path = Base.lproj/MainInterface.storyboard; sourceTree = "<group>"; };
		6E87600F21C9DBE0008B6F54 /* Info.plist */ = {isa = PBXFileReference; lastKnownFileType = text.plist.xml; path = Info.plist; sourceTree = "<group>"; };
		6E87601721C9DE00008B6F54 /* WidgetTableViewCell.swift */ = {isa = PBXFileReference; lastKnownFileType = sourcecode.swift; path = WidgetTableViewCell.swift; sourceTree = "<group>"; };
		6E87601821C9DE00008B6F54 /* WidgetTableViewCell.xib */ = {isa = PBXFileReference; lastKnownFileType = file.xib; path = WidgetTableViewCell.xib; sourceTree = "<group>"; };
		6E87601E21C9EA2B008B6F54 /* Extended Final Grade Calculator.entitlements */ = {isa = PBXFileReference; lastKnownFileType = text.plist.entitlements; path = "Extended Final Grade Calculator.entitlements"; sourceTree = "<group>"; };
		6EBE786321CA7E1B0028C301 /* deleteFinalTableViewCell.swift */ = {isa = PBXFileReference; lastKnownFileType = sourcecode.swift; path = deleteFinalTableViewCell.swift; sourceTree = "<group>"; };
		6EBE786421CA7E1B0028C301 /* deleteFinalTableViewCell.xib */ = {isa = PBXFileReference; lastKnownFileType = file.xib; path = deleteFinalTableViewCell.xib; sourceTree = "<group>"; };
		6EECE30721C5A6A700919565 /* Constants.swift */ = {isa = PBXFileReference; lastKnownFileType = sourcecode.swift; path = Constants.swift; sourceTree = "<group>"; };
/* End PBXFileReference section */

/* Begin PBXFrameworksBuildPhase section */
		6E2EC5D021BEE1C100181E47 /* Frameworks */ = {
			isa = PBXFrameworksBuildPhase;
			buildActionMask = 2147483647;
			files = (
			);
			runOnlyForDeploymentPostprocessing = 0;
		};
		6E87600221C9DBE0008B6F54 /* Frameworks */ = {
			isa = PBXFrameworksBuildPhase;
			buildActionMask = 2147483647;
			files = (
				6E87600821C9DBE0008B6F54 /* NotificationCenter.framework in Frameworks */,
			);
			runOnlyForDeploymentPostprocessing = 0;
		};
/* End PBXFrameworksBuildPhase section */

/* Begin PBXGroup section */
		6E2EC5CA21BEE1C100181E47 = {
			isa = PBXGroup;
			children = (
				6E2EC5D521BEE1C100181E47 /* Extended Final Grade Calculator */,
				6E87600921C9DBE0008B6F54 /* Extended Final Grade Calculator Widget */,
				6E87600621C9DBE0008B6F54 /* Frameworks */,
				6E2EC5D421BEE1C100181E47 /* Products */,
			);
			sourceTree = "<group>";
		};
		6E2EC5D421BEE1C100181E47 /* Products */ = {
			isa = PBXGroup;
			children = (
				6E2EC5D321BEE1C100181E47 /* Extended Final Grade Calculator.app */,
				6E87600521C9DBE0008B6F54 /* Extended Final Grade Calculator Widget.appex */,
			);
			name = Products;
			sourceTree = "<group>";
		};
		6E2EC5D521BEE1C100181E47 /* Extended Final Grade Calculator */ = {
			isa = PBXGroup;
			children = (
				6E87601E21C9EA2B008B6F54 /* Extended Final Grade Calculator.entitlements */,
				6E875FFD21C9B20B008B6F54 /* SemesterFinal+CoreDataClass.swift */,
				6E875FFE21C9B20B008B6F54 /* SemesterFinal+CoreDataProperties.swift */,
				6EECE30621C5948F00919565 /* Storyboards */,
				6EECE30521C5945D00919565 /* Adding a Course */,
				6E2EC5D621BEE1C100181E47 /* AppDelegate.swift */,
				6EECE30721C5A6A700919565 /* Constants.swift */,
				6E875FF021C59EB4008B6F54 /* Displaying Courses */,
				6E2EC5E021BEE1C200181E47 /* Assets.xcassets */,
				6E2EC5E521BEE1C200181E47 /* Info.plist */,
				6E2EC5DD21BEE1C100181E47 /* Extended_Final_Grade_Calculator.xcdatamodeld */,
			);
			path = "Extended Final Grade Calculator";
			sourceTree = "<group>";
		};
		6E875FF021C59EB4008B6F54 /* Displaying Courses */ = {
			isa = PBXGroup;
			children = (
				6E2EC5D821BEE1C100181E47 /* CoursesViewController.swift */,
				6E875FF121C59F40008B6F54 /* FinalInfoTableViewCell.swift */,
				6E875FF221C59F40008B6F54 /* FinalInfoTableViewCell.xib */,
			);
			path = "Displaying Courses";
			sourceTree = "<group>";
		};
		6E87600621C9DBE0008B6F54 /* Frameworks */ = {
			isa = PBXGroup;
			children = (
				6E87600721C9DBE0008B6F54 /* NotificationCenter.framework */,
			);
			name = Frameworks;
			sourceTree = "<group>";
		};
		6E87600921C9DBE0008B6F54 /* Extended Final Grade Calculator Widget */ = {
			isa = PBXGroup;
			children = (
				6E7C167721C9F0A30072E095 /* Extended Final Grade Calculator Widget.entitlements */,
				6E87600A21C9DBE0008B6F54 /* TodayViewController.swift */,
				6E87601721C9DE00008B6F54 /* WidgetTableViewCell.swift */,
				6E87601821C9DE00008B6F54 /* WidgetTableViewCell.xib */,
				6E87600C21C9DBE0008B6F54 /* MainInterface.storyboard */,
				6E87600F21C9DBE0008B6F54 /* Info.plist */,
			);
			path = "Extended Final Grade Calculator Widget";
			sourceTree = "<group>";
		};
		6EECE30521C5945D00919565 /* Adding a Course */ = {
			isa = PBXGroup;
			children = (
				6E2EC5EB21BEE34A00181E47 /* AddCourseViewController.swift */,
				6E2EC5ED21C18F0F00181E47 /* ClassInfoTableViewCell.swift */,
				6E2EC5EE21C18F0F00181E47 /* ClassInfoTableViewCell.xib */,
				6E2EC5F121C191B900181E47 /* GradeInfoTableViewCell.swift */,
				6EBE786321CA7E1B0028C301 /* deleteFinalTableViewCell.swift */,
				6EBE786421CA7E1B0028C301 /* deleteFinalTableViewCell.xib */,
				6E2EC5F221C191B900181E47 /* GradeInfoTableViewCell.xib */,
			);
			path = "Adding a Course";
			sourceTree = "<group>";
		};
		6EECE30621C5948F00919565 /* Storyboards */ = {
			isa = PBXGroup;
			children = (
				6E2EC5E221BEE1C200181E47 /* LaunchScreen.storyboard */,
				6E2EC5DA21BEE1C100181E47 /* Main.storyboard */,
			);
			path = Storyboards;
			sourceTree = "<group>";
		};
/* End PBXGroup section */

/* Begin PBXNativeTarget section */
		6E2EC5D221BEE1C100181E47 /* Extended Final Grade Calculator */ = {
			isa = PBXNativeTarget;
			buildConfigurationList = 6E2EC5E821BEE1C200181E47 /* Build configuration list for PBXNativeTarget "Extended Final Grade Calculator" */;
			buildPhases = (
				6E2EC5CF21BEE1C100181E47 /* Sources */,
				6E2EC5D021BEE1C100181E47 /* Frameworks */,
				6E2EC5D121BEE1C100181E47 /* Resources */,
				6E87601621C9DBE0008B6F54 /* Embed App Extensions */,
			);
			buildRules = (
			);
			dependencies = (
				6E87601121C9DBE0008B6F54 /* PBXTargetDependency */,
			);
			name = "Extended Final Grade Calculator";
			productName = "Extended Final Grade Calculator";
			productReference = 6E2EC5D321BEE1C100181E47 /* Extended Final Grade Calculator.app */;
			productType = "com.apple.product-type.application";
		};
		6E87600421C9DBE0008B6F54 /* Extended Final Grade Calculator Widget */ = {
			isa = PBXNativeTarget;
			buildConfigurationList = 6E87601321C9DBE0008B6F54 /* Build configuration list for PBXNativeTarget "Extended Final Grade Calculator Widget" */;
			buildPhases = (
				6E87600121C9DBE0008B6F54 /* Sources */,
				6E87600221C9DBE0008B6F54 /* Frameworks */,
				6E87600321C9DBE0008B6F54 /* Resources */,
			);
			buildRules = (
			);
			dependencies = (
			);
			name = "Extended Final Grade Calculator Widget";
			productName = "Extended Final Grade Calculator Widget";
			productReference = 6E87600521C9DBE0008B6F54 /* Extended Final Grade Calculator Widget.appex */;
			productType = "com.apple.product-type.app-extension";
		};
/* End PBXNativeTarget section */

/* Begin PBXProject section */
		6E2EC5CB21BEE1C100181E47 /* Project object */ = {
			isa = PBXProject;
			attributes = {
				LastSwiftUpdateCheck = 1010;
				LastUpgradeCheck = 1000;
				ORGANIZATIONNAME = Lontronix;
				TargetAttributes = {
					6E2EC5D221BEE1C100181E47 = {
						CreatedOnToolsVersion = 10.0;
						SystemCapabilities = {
							com.apple.ApplicationGroups.iOS = {
								enabled = 1;
							};
						};
					};
					6E87600421C9DBE0008B6F54 = {
						CreatedOnToolsVersion = 10.1;
						SystemCapabilities = {
							com.apple.ApplicationGroups.iOS = {
								enabled = 1;
							};
						};
					};
				};
			};
			buildConfigurationList = 6E2EC5CE21BEE1C100181E47 /* Build configuration list for PBXProject "Extended Final Grade Calculator" */;
			compatibilityVersion = "Xcode 9.3";
			developmentRegion = en;
			hasScannedForEncodings = 0;
			knownRegions = (
				en,
				Base,
			);
			mainGroup = 6E2EC5CA21BEE1C100181E47;
			productRefGroup = 6E2EC5D421BEE1C100181E47 /* Products */;
			projectDirPath = "";
			projectRoot = "";
			targets = (
				6E2EC5D221BEE1C100181E47 /* Extended Final Grade Calculator */,
				6E87600421C9DBE0008B6F54 /* Extended Final Grade Calculator Widget */,
			);
		};
/* End PBXProject section */

/* Begin PBXResourcesBuildPhase section */
		6E2EC5D121BEE1C100181E47 /* Resources */ = {
			isa = PBXResourcesBuildPhase;
			buildActionMask = 2147483647;
			files = (
				6E2EC5F021C18F0F00181E47 /* ClassInfoTableViewCell.xib in Resources */,
				6E2EC5E421BEE1C200181E47 /* LaunchScreen.storyboard in Resources */,
				6E2EC5E121BEE1C200181E47 /* Assets.xcassets in Resources */,
				6E2EC5F421C191B900181E47 /* GradeInfoTableViewCell.xib in Resources */,
				6EBE786621CA7E1B0028C301 /* deleteFinalTableViewCell.xib in Resources */,
				6E875FF421C59F40008B6F54 /* FinalInfoTableViewCell.xib in Resources */,
				6E2EC5DC21BEE1C100181E47 /* Main.storyboard in Resources */,
			);
			runOnlyForDeploymentPostprocessing = 0;
		};
		6E87600321C9DBE0008B6F54 /* Resources */ = {
			isa = PBXResourcesBuildPhase;
			buildActionMask = 2147483647;
			files = (
				6E87600E21C9DBE0008B6F54 /* MainInterface.storyboard in Resources */,
				6E87601A21C9DE00008B6F54 /* WidgetTableViewCell.xib in Resources */,
			);
			runOnlyForDeploymentPostprocessing = 0;
		};
/* End PBXResourcesBuildPhase section */

/* Begin PBXSourcesBuildPhase section */
		6E2EC5CF21BEE1C100181E47 /* Sources */ = {
			isa = PBXSourcesBuildPhase;
			buildActionMask = 2147483647;
			files = (
				6E2EC5DF21BEE1C100181E47 /* Extended_Final_Grade_Calculator.xcdatamodeld in Sources */,
				6EBE786521CA7E1B0028C301 /* deleteFinalTableViewCell.swift in Sources */,
				6E875FFF21C9B20B008B6F54 /* SemesterFinal+CoreDataClass.swift in Sources */,
				6E2EC5EC21BEE34A00181E47 /* AddCourseViewController.swift in Sources */,
				6E875FF321C59F40008B6F54 /* FinalInfoTableViewCell.swift in Sources */,
				6E2EC5D921BEE1C100181E47 /* CoursesViewController.swift in Sources */,
				6E2EC5F321C191B900181E47 /* GradeInfoTableViewCell.swift in Sources */,
				6E87600021C9B20B008B6F54 /* SemesterFinal+CoreDataProperties.swift in Sources */,
				6E2EC5EF21C18F0F00181E47 /* ClassInfoTableViewCell.swift in Sources */,
				6E2EC5D721BEE1C100181E47 /* AppDelegate.swift in Sources */,
				6EECE30821C5A6A700919565 /* Constants.swift in Sources */,
			);
			runOnlyForDeploymentPostprocessing = 0;
		};
		6E87600121C9DBE0008B6F54 /* Sources */ = {
			isa = PBXSourcesBuildPhase;
			buildActionMask = 2147483647;
			files = (
				6E87601B21C9E76E008B6F54 /* Extended_Final_Grade_Calculator.xcdatamodeld in Sources */,
				6E87601D21C9E783008B6F54 /* SemesterFinal+CoreDataProperties.swift in Sources */,
				6E87600B21C9DBE0008B6F54 /* TodayViewController.swift in Sources */,
				6E87601C21C9E780008B6F54 /* SemesterFinal+CoreDataClass.swift in Sources */,
				6E87601921C9DE00008B6F54 /* WidgetTableViewCell.swift in Sources */,
			);
			runOnlyForDeploymentPostprocessing = 0;
		};
/* End PBXSourcesBuildPhase section */

/* Begin PBXTargetDependency section */
		6E87601121C9DBE0008B6F54 /* PBXTargetDependency */ = {
			isa = PBXTargetDependency;
			target = 6E87600421C9DBE0008B6F54 /* Extended Final Grade Calculator Widget */;
			targetProxy = 6E87601021C9DBE0008B6F54 /* PBXContainerItemProxy */;
		};
/* End PBXTargetDependency section */

/* Begin PBXVariantGroup section */
		6E2EC5DA21BEE1C100181E47 /* Main.storyboard */ = {
			isa = PBXVariantGroup;
			children = (
				6E2EC5DB21BEE1C100181E47 /* Base */,
			);
			name = Main.storyboard;
			sourceTree = "<group>";
		};
		6E2EC5E221BEE1C200181E47 /* LaunchScreen.storyboard */ = {
			isa = PBXVariantGroup;
			children = (
				6E2EC5E321BEE1C200181E47 /* Base */,
			);
			name = LaunchScreen.storyboard;
			sourceTree = "<group>";
		};
		6E87600C21C9DBE0008B6F54 /* MainInterface.storyboard */ = {
			isa = PBXVariantGroup;
			children = (
				6E87600D21C9DBE0008B6F54 /* Base */,
			);
			name = MainInterface.storyboard;
			sourceTree = "<group>";
		};
/* End PBXVariantGroup section */

/* Begin XCBuildConfiguration section */
		6E2EC5E621BEE1C200181E47 /* Debug */ = {
			isa = XCBuildConfiguration;
			buildSettings = {
				ALWAYS_SEARCH_USER_PATHS = NO;
				CLANG_ANALYZER_NONNULL = YES;
				CLANG_ANALYZER_NUMBER_OBJECT_CONVERSION = YES_AGGRESSIVE;
				CLANG_CXX_LANGUAGE_STANDARD = "gnu++14";
				CLANG_CXX_LIBRARY = "libc++";
				CLANG_ENABLE_MODULES = YES;
				CLANG_ENABLE_OBJC_ARC = YES;
				CLANG_ENABLE_OBJC_WEAK = YES;
				CLANG_WARN_BLOCK_CAPTURE_AUTORELEASING = YES;
				CLANG_WARN_BOOL_CONVERSION = YES;
				CLANG_WARN_COMMA = YES;
				CLANG_WARN_CONSTANT_CONVERSION = YES;
				CLANG_WARN_DEPRECATED_OBJC_IMPLEMENTATIONS = YES;
				CLANG_WARN_DIRECT_OBJC_ISA_USAGE = YES_ERROR;
				CLANG_WARN_DOCUMENTATION_COMMENTS = YES;
				CLANG_WARN_EMPTY_BODY = YES;
				CLANG_WARN_ENUM_CONVERSION = YES;
				CLANG_WARN_INFINITE_RECURSION = YES;
				CLANG_WARN_INT_CONVERSION = YES;
				CLANG_WARN_NON_LITERAL_NULL_CONVERSION = YES;
				CLANG_WARN_OBJC_IMPLICIT_RETAIN_SELF = YES;
				CLANG_WARN_OBJC_LITERAL_CONVERSION = YES;
				CLANG_WARN_OBJC_ROOT_CLASS = YES_ERROR;
				CLANG_WARN_RANGE_LOOP_ANALYSIS = YES;
				CLANG_WARN_STRICT_PROTOTYPES = YES;
				CLANG_WARN_SUSPICIOUS_MOVE = YES;
				CLANG_WARN_UNGUARDED_AVAILABILITY = YES_AGGRESSIVE;
				CLANG_WARN_UNREACHABLE_CODE = YES;
				CLANG_WARN__DUPLICATE_METHOD_MATCH = YES;
				CODE_SIGN_IDENTITY = "iPhone Developer";
				COPY_PHASE_STRIP = NO;
				DEBUG_INFORMATION_FORMAT = dwarf;
				ENABLE_STRICT_OBJC_MSGSEND = YES;
				ENABLE_TESTABILITY = YES;
				GCC_C_LANGUAGE_STANDARD = gnu11;
				GCC_DYNAMIC_NO_PIC = NO;
				GCC_NO_COMMON_BLOCKS = YES;
				GCC_OPTIMIZATION_LEVEL = 0;
				GCC_PREPROCESSOR_DEFINITIONS = (
					"DEBUG=1",
					"$(inherited)",
				);
				GCC_WARN_64_TO_32_BIT_CONVERSION = YES;
				GCC_WARN_ABOUT_RETURN_TYPE = YES_ERROR;
				GCC_WARN_UNDECLARED_SELECTOR = YES;
				GCC_WARN_UNINITIALIZED_AUTOS = YES_AGGRESSIVE;
				GCC_WARN_UNUSED_FUNCTION = YES;
				GCC_WARN_UNUSED_VARIABLE = YES;
				IPHONEOS_DEPLOYMENT_TARGET = 12.0;
				MTL_ENABLE_DEBUG_INFO = INCLUDE_SOURCE;
				MTL_FAST_MATH = YES;
				ONLY_ACTIVE_ARCH = YES;
				SDKROOT = iphoneos;
				SWIFT_ACTIVE_COMPILATION_CONDITIONS = DEBUG;
				SWIFT_OPTIMIZATION_LEVEL = "-Onone";
			};
			name = Debug;
		};
		6E2EC5E721BEE1C200181E47 /* Release */ = {
			isa = XCBuildConfiguration;
			buildSettings = {
				ALWAYS_SEARCH_USER_PATHS = NO;
				CLANG_ANALYZER_NONNULL = YES;
				CLANG_ANALYZER_NUMBER_OBJECT_CONVERSION = YES_AGGRESSIVE;
				CLANG_CXX_LANGUAGE_STANDARD = "gnu++14";
				CLANG_CXX_LIBRARY = "libc++";
				CLANG_ENABLE_MODULES = YES;
				CLANG_ENABLE_OBJC_ARC = YES;
				CLANG_ENABLE_OBJC_WEAK = YES;
				CLANG_WARN_BLOCK_CAPTURE_AUTORELEASING = YES;
				CLANG_WARN_BOOL_CONVERSION = YES;
				CLANG_WARN_COMMA = YES;
				CLANG_WARN_CONSTANT_CONVERSION = YES;
				CLANG_WARN_DEPRECATED_OBJC_IMPLEMENTATIONS = YES;
				CLANG_WARN_DIRECT_OBJC_ISA_USAGE = YES_ERROR;
				CLANG_WARN_DOCUMENTATION_COMMENTS = YES;
				CLANG_WARN_EMPTY_BODY = YES;
				CLANG_WARN_ENUM_CONVERSION = YES;
				CLANG_WARN_INFINITE_RECURSION = YES;
				CLANG_WARN_INT_CONVERSION = YES;
				CLANG_WARN_NON_LITERAL_NULL_CONVERSION = YES;
				CLANG_WARN_OBJC_IMPLICIT_RETAIN_SELF = YES;
				CLANG_WARN_OBJC_LITERAL_CONVERSION = YES;
				CLANG_WARN_OBJC_ROOT_CLASS = YES_ERROR;
				CLANG_WARN_RANGE_LOOP_ANALYSIS = YES;
				CLANG_WARN_STRICT_PROTOTYPES = YES;
				CLANG_WARN_SUSPICIOUS_MOVE = YES;
				CLANG_WARN_UNGUARDED_AVAILABILITY = YES_AGGRESSIVE;
				CLANG_WARN_UNREACHABLE_CODE = YES;
				CLANG_WARN__DUPLICATE_METHOD_MATCH = YES;
				CODE_SIGN_IDENTITY = "iPhone Developer";
				COPY_PHASE_STRIP = NO;
				DEBUG_INFORMATION_FORMAT = "dwarf-with-dsym";
				ENABLE_NS_ASSERTIONS = NO;
				ENABLE_STRICT_OBJC_MSGSEND = YES;
				GCC_C_LANGUAGE_STANDARD = gnu11;
				GCC_NO_COMMON_BLOCKS = YES;
				GCC_WARN_64_TO_32_BIT_CONVERSION = YES;
				GCC_WARN_ABOUT_RETURN_TYPE = YES_ERROR;
				GCC_WARN_UNDECLARED_SELECTOR = YES;
				GCC_WARN_UNINITIALIZED_AUTOS = YES_AGGRESSIVE;
				GCC_WARN_UNUSED_FUNCTION = YES;
				GCC_WARN_UNUSED_VARIABLE = YES;
				IPHONEOS_DEPLOYMENT_TARGET = 12.0;
				MTL_ENABLE_DEBUG_INFO = NO;
				MTL_FAST_MATH = YES;
				SDKROOT = iphoneos;
				SWIFT_COMPILATION_MODE = wholemodule;
				SWIFT_OPTIMIZATION_LEVEL = "-O";
				VALIDATE_PRODUCT = YES;
			};
			name = Release;
		};
		6E2EC5E921BEE1C200181E47 /* Debug */ = {
			isa = XCBuildConfiguration;
			buildSettings = {
				ALWAYS_EMBED_SWIFT_STANDARD_LIBRARIES = YES;
				ASSETCATALOG_COMPILER_APPICON_NAME = AppIcon;
				CODE_SIGN_ENTITLEMENTS = "Extended Final Grade Calculator/Extended Final Grade Calculator.entitlements";
				CODE_SIGN_STYLE = Automatic;
				DEVELOPMENT_TEAM = K36HYHZA7X;
				INFOPLIST_FILE = "Extended Final Grade Calculator/Info.plist";
				LD_RUNPATH_SEARCH_PATHS = (
					"$(inherited)",
					"@executable_path/Frameworks",
				);
				PRODUCT_BUNDLE_IDENTIFIER = "bundle.Extended-Final-Grade-Calculator";
				PRODUCT_NAME = "$(TARGET_NAME)";
				SWIFT_VERSION = 4.2;
				TARGETED_DEVICE_FAMILY = "1,2";
			};
			name = Debug;
		};
		6E2EC5EA21BEE1C200181E47 /* Release */ = {
			isa = XCBuildConfiguration;
			buildSettings = {
				ALWAYS_EMBED_SWIFT_STANDARD_LIBRARIES = YES;
				ASSETCATALOG_COMPILER_APPICON_NAME = AppIcon;
				CODE_SIGN_ENTITLEMENTS = "Extended Final Grade Calculator/Extended Final Grade Calculator.entitlements";
				CODE_SIGN_STYLE = Automatic;
				DEVELOPMENT_TEAM = K36HYHZA7X;
				INFOPLIST_FILE = "Extended Final Grade Calculator/Info.plist";
				LD_RUNPATH_SEARCH_PATHS = (
					"$(inherited)",
					"@executable_path/Frameworks",
				);
				PRODUCT_BUNDLE_IDENTIFIER = "bundle.Extended-Final-Grade-Calculator";
				PRODUCT_NAME = "$(TARGET_NAME)";
				SWIFT_VERSION = 4.2;
				TARGETED_DEVICE_FAMILY = "1,2";
			};
			name = Release;
		};
		6E87601421C9DBE0008B6F54 /* Debug */ = {
			isa = XCBuildConfiguration;
			buildSettings = {
				CODE_SIGN_ENTITLEMENTS = "Extended Final Grade Calculator Widget/Extended Final Grade Calculator Widget.entitlements";
				CODE_SIGN_STYLE = Automatic;
				DEVELOPMENT_TEAM = K36HYHZA7X;
				INFOPLIST_FILE = "Extended Final Grade Calculator Widget/Info.plist";
				IPHONEOS_DEPLOYMENT_TARGET = 12.1;
				LD_RUNPATH_SEARCH_PATHS = (
					"$(inherited)",
					"@executable_path/Frameworks",
					"@executable_path/../../Frameworks",
				);
				PRODUCT_BUNDLE_IDENTIFIER = "bundle.Extended-Final-Grade-Calculator.Extended-Final-Grade-Calculator-Widget";
				PRODUCT_NAME = "$(TARGET_NAME)";
				SKIP_INSTALL = YES;
				SWIFT_VERSION = 4.2;
				TARGETED_DEVICE_FAMILY = "1,2";
			};
			name = Debug;
		};
		6E87601521C9DBE0008B6F54 /* Release */ = {
			isa = XCBuildConfiguration;
			buildSettings = {
				CODE_SIGN_ENTITLEMENTS = "Extended Final Grade Calculator Widget/Extended Final Grade Calculator Widget.entitlements";
				CODE_SIGN_STYLE = Automatic;
				DEVELOPMENT_TEAM = K36HYHZA7X;
				INFOPLIST_FILE = "Extended Final Grade Calculator Widget/Info.plist";
				IPHONEOS_DEPLOYMENT_TARGET = 12.1;
				LD_RUNPATH_SEARCH_PATHS = (
					"$(inherited)",
					"@executable_path/Frameworks",
					"@executable_path/../../Frameworks",
				);
				PRODUCT_BUNDLE_IDENTIFIER = "bundle.Extended-Final-Grade-Calculator.Extended-Final-Grade-Calculator-Widget";
				PRODUCT_NAME = "$(TARGET_NAME)";
				SKIP_INSTALL = YES;
				SWIFT_VERSION = 4.2;
				TARGETED_DEVICE_FAMILY = "1,2";
			};
			name = Release;
		};
/* End XCBuildConfiguration section */

/* Begin XCConfigurationList section */
		6E2EC5CE21BEE1C100181E47 /* Build configuration list for PBXProject "Extended Final Grade Calculator" */ = {
			isa = XCConfigurationList;
			buildConfigurations = (
				6E2EC5E621BEE1C200181E47 /* Debug */,
				6E2EC5E721BEE1C200181E47 /* Release */,
			);
			defaultConfigurationIsVisible = 0;
			defaultConfigurationName = Release;
		};
		6E2EC5E821BEE1C200181E47 /* Build configuration list for PBXNativeTarget "Extended Final Grade Calculator" */ = {
			isa = XCConfigurationList;
			buildConfigurations = (
				6E2EC5E921BEE1C200181E47 /* Debug */,
				6E2EC5EA21BEE1C200181E47 /* Release */,
			);
			defaultConfigurationIsVisible = 0;
			defaultConfigurationName = Release;
		};
		6E87601321C9DBE0008B6F54 /* Build configuration list for PBXNativeTarget "Extended Final Grade Calculator Widget" */ = {
			isa = XCConfigurationList;
			buildConfigurations = (
				6E87601421C9DBE0008B6F54 /* Debug */,
				6E87601521C9DBE0008B6F54 /* Release */,
			);
			defaultConfigurationIsVisible = 0;
			defaultConfigurationName = Release;
		};
/* End XCConfigurationList section */

/* Begin XCVersionGroup section */
		6E2EC5DD21BEE1C100181E47 /* Extended_Final_Grade_Calculator.xcdatamodeld */ = {
			isa = XCVersionGroup;
			children = (
				6E2EC5DE21BEE1C100181E47 /* Extended_Final_Grade_Calculator.xcdatamodel */,
			);
			currentVersion = 6E2EC5DE21BEE1C100181E47 /* Extended_Final_Grade_Calculator.xcdatamodel */;
			path = Extended_Final_Grade_Calculator.xcdatamodeld;
			sourceTree = "<group>";
			versionGroupType = wrapper.xcdatamodel;
		};
/* End XCVersionGroup section */
	};
	rootObject = 6E2EC5CB21BEE1C100181E47 /* Project object */;
}
